{
  "name": "kiwis",
  "version": "1.0.0",
  "lockfileVersion": 1,
  "requires": true,
  "dependencies": {
    "@algolia/cache-browser-local-storage": {
      "version": "4.2.0",
      "resolved": "https://registry.npmjs.org/@algolia/cache-browser-local-storage/-/cache-browser-local-storage-4.2.0.tgz",
      "integrity": "sha512-uji5zxBxwNu8qKtyqghg9lUsN0OOZ58NfRKk0Il4IZCcCo78E0KfT3Uxr7XiYCJMRnqIsvbKWf0xA67tYNBSbA==",
      "requires": {
        "@algolia/cache-common": "4.2.0"
      }
    },
    "@algolia/cache-common": {
      "version": "4.2.0",
      "resolved": "https://registry.npmjs.org/@algolia/cache-common/-/cache-common-4.2.0.tgz",
      "integrity": "sha512-ATBQCBBLt4hPNKIKn06y5zqZPWQmI+PBF0287rFVj8BGmEr82BzoKMa5XIkvgpjtxwx6c5nSKxZaYkEFqtrxtQ=="
    },
    "@algolia/cache-in-memory": {
      "version": "4.2.0",
      "resolved": "https://registry.npmjs.org/@algolia/cache-in-memory/-/cache-in-memory-4.2.0.tgz",
      "integrity": "sha512-NsVOR6ixK6jvurLW+1+h80/9N18QjU/AXdAZJoVeu4JXb2NPuej4Ld1zXFYvz/ypCFQE+dU8haaQnJIuTbD4vg==",
      "requires": {
        "@algolia/cache-common": "4.2.0"
      }
    },
    "@algolia/client-account": {
      "version": "4.2.0",
      "resolved": "https://registry.npmjs.org/@algolia/client-account/-/client-account-4.2.0.tgz",
      "integrity": "sha512-xz5OXU9DQ9pegABAgmTPV23f9tXmbUPO3w5J/b2QcP6jzfNnNfW3CkTwywgNLr16jIKLxmmClN5yqyJp6XmHBA==",
      "requires": {
        "@algolia/client-common": "4.2.0",
        "@algolia/client-search": "4.2.0",
        "@algolia/transporter": "4.2.0"
      }
    },
    "@algolia/client-analytics": {
      "version": "4.2.0",
      "resolved": "https://registry.npmjs.org/@algolia/client-analytics/-/client-analytics-4.2.0.tgz",
      "integrity": "sha512-UNuZQOYuKPYl5fCgm1HZzoZ6Ewxtqrc4Cv5Dhdy5VatIV6lYEWOtdn+g+5qvWFGb6fv6688dg5EVJnXZNvVVZQ==",
      "requires": {
        "@algolia/client-common": "4.2.0",
        "@algolia/client-search": "4.2.0",
        "@algolia/requester-common": "4.2.0",
        "@algolia/transporter": "4.2.0"
      }
    },
    "@algolia/client-common": {
      "version": "4.2.0",
      "resolved": "https://registry.npmjs.org/@algolia/client-common/-/client-common-4.2.0.tgz",
      "integrity": "sha512-KxZTWXf9FSl188iTAz9rhTMeBtbF/uaJcxw99jbWHxyK9KR87obZzTlTFYnIWLEBaTG1MmlgPSsDogAE4CHLOQ==",
      "requires": {
        "@algolia/requester-common": "4.2.0",
        "@algolia/transporter": "4.2.0"
      }
    },
    "@algolia/client-recommendation": {
      "version": "4.2.0",
      "resolved": "https://registry.npmjs.org/@algolia/client-recommendation/-/client-recommendation-4.2.0.tgz",
      "integrity": "sha512-5QwvUJ5hpZVDz99o+EPgMg+z7maLWOZGUrUt5z8s+esl+taTb2h1PtyLpikAvC2d/BjYCEKyObTiRDYdzhqcoA==",
      "requires": {
        "@algolia/client-common": "4.2.0",
        "@algolia/requester-common": "4.2.0",
        "@algolia/transporter": "4.2.0"
      }
    },
    "@algolia/client-search": {
      "version": "4.2.0",
      "resolved": "https://registry.npmjs.org/@algolia/client-search/-/client-search-4.2.0.tgz",
      "integrity": "sha512-2SAz1/undr+RM7FNj3G0taWFG+8QEMQcYHxUhoOJKMIY9sPQN7UNCJRHYsulM+/g45oF67tXX09NSt14ewen0Q==",
      "requires": {
        "@algolia/client-common": "4.2.0",
        "@algolia/requester-common": "4.2.0",
        "@algolia/transporter": "4.2.0"
      }
    },
    "@algolia/logger-common": {
      "version": "4.2.0",
      "resolved": "https://registry.npmjs.org/@algolia/logger-common/-/logger-common-4.2.0.tgz",
      "integrity": "sha512-VQcJE5lr78oc+lbcGfPonCDTRwLNSxwtPrUP6Tj+CoDedsVHZhODAlHzLHhxc4vuyrU7xomvKJLqTUgfDNxzXQ=="
    },
    "@algolia/logger-console": {
      "version": "4.2.0",
      "resolved": "https://registry.npmjs.org/@algolia/logger-console/-/logger-console-4.2.0.tgz",
      "integrity": "sha512-/1GE43jY0xKfJUi5ZGtEqq+oTyOzs+EgGKj7/zEHIpUc5NyxokIPWTqt3q6pzGSWFEkNbaA1gAVgXM1zCMVWYw==",
      "requires": {
        "@algolia/logger-common": "4.2.0"
      }
    },
    "@algolia/requester-browser-xhr": {
      "version": "4.2.0",
      "resolved": "https://registry.npmjs.org/@algolia/requester-browser-xhr/-/requester-browser-xhr-4.2.0.tgz",
      "integrity": "sha512-+PZKOe+UBdZYQg/h/8AbKQ2Ha4uDeoLnpZFv00IMr/elym0m2hl76xAeIBiIqGYsLCmGybGBFUF9n1imsKJUJQ==",
      "requires": {
        "@algolia/requester-common": "4.2.0"
      }
    },
    "@algolia/requester-common": {
      "version": "4.2.0",
      "resolved": "https://registry.npmjs.org/@algolia/requester-common/-/requester-common-4.2.0.tgz",
      "integrity": "sha512-SSKPRM/7UP54/dxyK6EYt4p6nTeJxYb1P6xVh/Ic6noBTCfqg5vBEKDa1DZD5MBtCvABoODd97UOfAo3ECG/jg=="
    },
    "@algolia/requester-node-http": {
      "version": "4.2.0",
      "resolved": "https://registry.npmjs.org/@algolia/requester-node-http/-/requester-node-http-4.2.0.tgz",
      "integrity": "sha512-mRQgSM8qrMfjXaBnMjTmymR0NKwbr82Qwh1a5TgYyzMOBuRO5nRikawvTVgpNaEnQS0uesIiwd2ohOJ2gNu6oA==",
      "requires": {
        "@algolia/requester-common": "4.2.0"
      }
    },
    "@algolia/transporter": {
      "version": "4.2.0",
      "resolved": "https://registry.npmjs.org/@algolia/transporter/-/transporter-4.2.0.tgz",
      "integrity": "sha512-7CiwMYsEhrHySA8q70euIYOyhGtz/wz+MEC3nwGONBC82nGI6ntVqTFhCkpLIJqqbGbNlFgnCpwnLmSqLhRP3A==",
      "requires": {
        "@algolia/cache-common": "4.2.0",
        "@algolia/logger-common": "4.2.0",
        "@algolia/requester-common": "4.2.0"
      }
    },
    "@babel/runtime": {
      "version": "7.9.2",
      "resolved": "https://registry.npmjs.org/@babel/runtime/-/runtime-7.9.2.tgz",
      "integrity": "sha512-NE2DtOdufG7R5vnfQUTehdTfNycfUANEtCa9PssN9O/xmTzP4E08UI797ixaei6hBEVL9BI/PsdJS5x7mWoB9Q==",
      "requires": {
        "regenerator-runtime": "^0.13.4"
      }
    },
    "algoliasearch": {
      "version": "4.2.0",
      "resolved": "https://registry.npmjs.org/algoliasearch/-/algoliasearch-4.2.0.tgz",
      "integrity": "sha512-CgbyDBGMSzNISBFezPt68xAseknork+wNe/Oour1Hluk4OwbtobysRawFf93ZbLSQw/KbeGlVmVAvujeVIVdnQ==",
      "requires": {
        "@algolia/cache-browser-local-storage": "4.2.0",
        "@algolia/cache-common": "4.2.0",
        "@algolia/cache-in-memory": "4.2.0",
        "@algolia/client-account": "4.2.0",
        "@algolia/client-analytics": "4.2.0",
        "@algolia/client-common": "4.2.0",
        "@algolia/client-recommendation": "4.2.0",
        "@algolia/client-search": "4.2.0",
        "@algolia/logger-common": "4.2.0",
        "@algolia/logger-console": "4.2.0",
        "@algolia/requester-browser-xhr": "4.2.0",
        "@algolia/requester-common": "4.2.0",
        "@algolia/requester-node-http": "4.2.0",
        "@algolia/transporter": "4.2.0"
      }
    },
    "algoliasearch-helper": {
      "version": "3.1.1",
      "resolved": "https://registry.npmjs.org/algoliasearch-helper/-/algoliasearch-helper-3.1.1.tgz",
      "integrity": "sha512-Jkqlp8jezQRixf7sbQ2zFXHpdaT41g9sHBqT6pztv5nfDmg94K+pwesAy6UbxRY78IL54LIaV1FLttMtT+IzzA==",
      "requires": {
        "events": "^1.1.1"
      },
      "dependencies": {
        "events": {
          "version": "1.1.1",
          "resolved": "https://registry.npmjs.org/events/-/events-1.1.1.tgz",
          "integrity": "sha1-nr23Y1rQmccNzEwqH1AEKI6L2SQ="
        }
      }
    },
    "classnames": {
      "version": "2.2.6",
      "resolved": "https://registry.npmjs.org/classnames/-/classnames-2.2.6.tgz",
      "integrity": "sha512-JR/iSQOSt+LQIWwrwEzJ9uk0xfN3mTVYMwt1Ir5mUcSN6pU+V4zQFFaJsclJbPuAUQH+yfWef6tm7l1quW3C8Q=="
    },
    "dotenv": {
      "version": "8.2.0",
      "resolved": "https://registry.npmjs.org/dotenv/-/dotenv-8.2.0.tgz",
      "integrity": "sha512-8sJ78ElpbDJBHNeBzUbUVLsqKdccaa/BXF1uPTw3GrvQTBgrQrtObr2mUrE38vzYd8cEv+m/JBfDLioYcfXoaw=="
    },
    "es6-promise": {
      "version": "4.2.8",
      "resolved": "https://registry.npmjs.org/es6-promise/-/es6-promise-4.2.8.tgz",
      "integrity": "sha512-HJDGx5daxeIvxdBxvG2cb9g4tEvwIk3i8+nhX0yGrYmZUzbkdg8QbDevheDB8gd0//uPj4c1EQua8Q+MViT0/w=="
    },
    "js-tokens": {
      "version": "4.0.0",
      "resolved": "https://registry.npmjs.org/js-tokens/-/js-tokens-4.0.0.tgz",
      "integrity": "sha512-RdJUflcE3cUzKiMqQgsCu06FPu9UdIJO0beYbPhHN4k6apgJtifcoCtT9bcxOpYBtpD2kCM6Sbzg4CausW/PKQ=="
    },
    "loose-envify": {
      "version": "1.4.0",
      "resolved": "https://registry.npmjs.org/loose-envify/-/loose-envify-1.4.0.tgz",
      "integrity": "sha512-lyuxPGr/Wfhrlem2CL/UcnUc1zcqKAImBDzukY7Y5F/yQiNdko6+fRLevlw1HgMySw7f611UIY408EtxRSoK3Q==",
      "requires": {
        "js-tokens": "^3.0.0 || ^4.0.0"
      }
    },
    "object-assign": {
      "version": "4.1.1",
      "resolved": "https://registry.npmjs.org/object-assign/-/object-assign-4.1.1.tgz",
      "integrity": "sha1-IQmtx5ZYh8/AXLvUQsrIv7s2CGM="
    },
    "prop-types": {
      "version": "15.7.2",
      "resolved": "https://registry.npmjs.org/prop-types/-/prop-types-15.7.2.tgz",
      "integrity": "sha512-8QQikdH7//R2vurIJSutZ1smHYTcLpRWEOlHnzcWHmBYrOGUysKwSsrC89BCiFj3CbrfJ/nXFdJepOVrY1GCHQ==",
      "requires": {
        "loose-envify": "^1.4.0",
        "object-assign": "^4.1.1",
        "react-is": "^16.8.1"
      }
    },
    "react": {
      "version": "16.13.1",
      "resolved": "https://registry.npmjs.org/react/-/react-16.13.1.tgz",
      "integrity": "sha512-YMZQQq32xHLX0bz5Mnibv1/LHb3Sqzngu7xstSM+vrkE5Kzr9xE0yMByK5kMoTK30YVJE61WfbxIFFvfeDKT1w==",
      "requires": {
        "loose-envify": "^1.1.0",
        "object-assign": "^4.1.1",
        "prop-types": "^15.6.2"
      }
    },
    "react-autosuggest": {
      "version": "10.0.2",
      "resolved": "https://registry.npmjs.org/react-autosuggest/-/react-autosuggest-10.0.2.tgz",
      "integrity": "sha512-ouI0RJDSgM1FBfK0ZmLC3qUqithIwPVTpnC4JQW4DeId3mH2JnZmkNNDKImhcMrxLbSQRpV/DfTLn0uCs4b27w==",
      "requires": {
        "es6-promise": "^4.2.8",
        "prop-types": "^15.7.2",
        "react-autowhatever": "^10.2.1",
        "react-themeable": "^1.1.0",
        "section-iterator": "^2.0.0",
        "shallow-equal": "^1.2.1"
      }
    },
    "react-autowhatever": {
      "version": "10.2.1",
      "resolved": "https://registry.npmjs.org/react-autowhatever/-/react-autowhatever-10.2.1.tgz",
      "integrity": "sha512-5gQyoETyBH6GmuW1N1J81CuoAV+Djeg66DEo03xiZOl3WOwJHBP5LisKUvCGOakjrXU4M3hcIvCIqMBYGUmqOA==",
      "requires": {
        "prop-types": "^15.5.8",
        "react-themeable": "^1.1.0",
        "section-iterator": "^2.0.0"
      }
    },
    "react-fast-compare": {
      "version": "3.0.2",
      "resolved": "https://registry.npmjs.org/react-fast-compare/-/react-fast-compare-3.0.2.tgz",
      "integrity": "sha512-1fBw8Efm6fb1blbRorZcO3OqzWgxYWxXzlaNeqEVXcrDdyFzeqygrPVU6qrPuqnqYMpUJVkQBdDgDJQTmCXp+Q=="
    },
    "react-instantsearch-core": {
      "version": "6.4.0",
      "resolved": "https://registry.npmjs.org/react-instantsearch-core/-/react-instantsearch-core-6.4.0.tgz",
      "integrity": "sha512-iJ33uxpo9suc9p8LTH3v5by5BXzhuttBvSaoePZheuLLG8dnbpiUt+m0iC4oeyr1cgubKJ1OhGCL8AQN2fR11A==",
      "requires": {
        "@babel/runtime": "^7.1.2",
        "algoliasearch-helper": "^3.1.0",
        "prop-types": "^15.5.10",
        "react-fast-compare": "^3.0.0"
      }
    },
    "react-instantsearch-dom": {
      "version": "6.4.0",
      "resolved": "https://registry.npmjs.org/react-instantsearch-dom/-/react-instantsearch-dom-6.4.0.tgz",
      "integrity": "sha512-FyJaD+jVNt59KOd8Nt6nQrmueEEJNH0VmS9IlSwWbQz2NrkQniaCFm+k8G13LsAASOCq4vQ8ULG2up+WpJeS8w==",
      "requires": {
        "@babel/runtime": "^7.1.2",
        "algoliasearch-helper": "^3.1.0",
        "classnames": "^2.2.5",
        "prop-types": "^15.5.10",
        "react-instantsearch-core": "^6.4.0"
      }
    },
    "react-is": {
      "version": "16.13.1",
      "resolved": "https://registry.npmjs.org/react-is/-/react-is-16.13.1.tgz",
      "integrity": "sha512-24e6ynE2H+OKt4kqsOvNd8kBpV65zoxbA4BVsEOB3ARVWQki/DHzaUoC5KuON/BiccDaCCTZBuOcfZs70kR8bQ=="
    },
    "react-themeable": {
      "version": "1.1.0",
      "resolved": "https://registry.npmjs.org/react-themeable/-/react-themeable-1.1.0.tgz",
      "integrity": "sha1-fURm3ZsrX6dQWHJ4JenxUro3mg4=",
      "requires": {
        "object-assign": "^3.0.0"
      },
      "dependencies": {
        "object-assign": {
          "version": "3.0.0",
          "resolved": "https://registry.npmjs.org/object-assign/-/object-assign-3.0.0.tgz",
          "integrity": "sha1-m+3VygiXlJvKR+f/QIBi1Un1h/I="
        }
      }
    },
    "regenerator-runtime": {
      "version": "0.13.5",
      "resolved": "https://registry.npmjs.org/regenerator-runtime/-/regenerator-runtime-0.13.5.tgz",
      "integrity": "sha512-ZS5w8CpKFinUzOwW3c83oPeVXoNsrLsaCoLtJvAClH135j/R77RuymhiSErhm2lKcwSCIpmvIWSbDkIfAqKQlA=="
    },
    "section-iterator": {
      "version": "2.0.0",
      "resolved": "https://registry.npmjs.org/section-iterator/-/section-iterator-2.0.0.tgz",
      "integrity": "sha1-v0RNev7rlK1Dw5rS+yYVFifMuio="
    },
    "shallow-equal": {
      "version": "1.2.1",
      "resolved": "https://registry.npmjs.org/shallow-equal/-/shallow-equal-1.2.1.tgz",
      "integrity": "sha512-S4vJDjHHMBaiZuT9NPb616CSmLf618jawtv3sufLl6ivK8WocjAo58cXwbRV1cgqxH0Qbv+iUt6m05eqEa2IRA=="
    }
  }
}
